
Microsoft Visual Studio Solution File, Format Version 12.00
# Visual Studio Version 17
VisualStudioVersion = 17.4.33122.133
MinimumVisualStudioVersion = 10.0.40219.1
Project("{9A19103F-16F7-4668-BE54-9A1E7A4F7556}") = "CityPlanner", "CityPlanner\CityPlanner.csproj", "{9ECB64AF-76EA-4DDA-A70F-A9086D2E02EF}"
EndProject
Project("{9A19103F-16F7-4668-BE54-9A1E7A4F7556}") = "CityPlannerFrontend", "CityPlannerFrontend\CityPlannerFrontend.csproj", "{B261B814-1CA4-4299-8C6B-CA9B1416FBC8}"
	ProjectSection(ProjectDependencies) = postProject
		{9ECB64AF-76EA-4DDA-A70F-A9086D2E02EF} = {9ECB64AF-76EA-4DDA-A70F-A9086D2E02EF}
	EndProjectSection
EndProject
Global
	GlobalSection(SolutionConfigurationPlatforms) = preSolution
		Debug|Any CPU = Debug|Any CPU
		Debug|ARM64 = Debug|ARM64
		Debug|x64 = Debug|x64
		Debug|x86 = Debug|x86
		Release|Any CPU = Release|Any CPU
		Release|ARM64 = Release|ARM64
		Release|x64 = Release|x64
		Release|x86 = Release|x86
	EndGlobalSection
	GlobalSection(ProjectConfigurationPlatforms) = postSolution
		{9ECB64AF-76EA-4DDA-A70F-A9086D2E02EF}.Debug|Any CPU.ActiveCfg = Debug|Any CPU
		{9ECB64AF-76EA-4DDA-A70F-A9086D2E02EF}.Debug|Any CPU.Build.0 = Debug|Any CPU
		{9ECB64AF-76EA-4DDA-A70F-A9086D2E02EF}.Debug|ARM64.ActiveCfg = Debug|Any CPU
		{9ECB64AF-76EA-4DDA-A70F-A9086D2E02EF}.Debug|ARM64.Build.0 = Debug|Any CPU
		{9ECB64AF-76EA-4DDA-A70F-A9086D2E02EF}.Debug|x64.ActiveCfg = Debug|Any CPU
		{9ECB64AF-76EA-4DDA-A70F-A9086D2E02EF}.Debug|x64.Build.0 = Debug|Any CPU
		{9ECB64AF-76EA-4DDA-A70F-A9086D2E02EF}.Debug|x86.ActiveCfg = Debug|Any CPU
		{9ECB64AF-76EA-4DDA-A70F-A9086D2E02EF}.Debug|x86.Build.0 = Debug|Any CPU
		{9ECB64AF-76EA-4DDA-A70F-A9086D2E02EF}.Release|Any CPU.ActiveCfg = Release|Any CPU
		{9ECB64AF-76EA-4DDA-A70F-A9086D2E02EF}.Release|Any CPU.Build.0 = Release|Any CPU
		{9ECB64AF-76EA-4DDA-A70F-A9086D2E02EF}.Release|ARM64.ActiveCfg = Release|Any CPU
		{9ECB64AF-76EA-4DDA-A70F-A9086D2E02EF}.Release|ARM64.Build.0 = Release|Any CPU
		{9ECB64AF-76EA-4DDA-A70F-A9086D2E02EF}.Release|x64.ActiveCfg = Release|Any CPU
		{9ECB64AF-76EA-4DDA-A70F-A9086D2E02EF}.Release|x64.Build.0 = Release|Any CPU
		{9ECB64AF-76EA-4DDA-A70F-A9086D2E02EF}.Release|x86.ActiveCfg = Release|Any CPU
		{9ECB64AF-76EA-4DDA-A70F-A9086D2E02EF}.Release|x86.Build.0 = Release|Any CPU
		{B261B814-1CA4-4299-8C6B-CA9B1416FBC8}.Debug|Any CPU.ActiveCfg = Debug|x64
		{B261B814-1CA4-4299-8C6B-CA9B1416FBC8}.Debug|Any CPU.Build.0 = Debug|x64
		{B261B814-1CA4-4299-8C6B-CA9B1416FBC8}.Debug|Any CPU.Deploy.0 = Debug|x64
		{B261B814-1CA4-4299-8C6B-CA9B1416FBC8}.Debug|ARM64.ActiveCfg = Debug|ARM64
		{B261B814-1CA4-4299-8C6B-CA9B1416FBC8}.Debug|ARM64.Build.0 = Debug|ARM64
		{B261B814-1CA4-4299-8C6B-CA9B1416FBC8}.Debug|ARM64.Deploy.0 = Debug|ARM64
		{B261B814-1CA4-4299-8C6B-CA9B1416FBC8}.Debug|x64.ActiveCfg = Debug|x64
		{B261B814-1CA4-4299-8C6B-CA9B1416FBC8}.Debug|x64.Build.0 = Debug|x64
		{B261B814-1CA4-4299-8C6B-CA9B1416FBC8}.Debug|x64.Deploy.0 = Debug|x64
		{B261B814-1CA4-4299-8C6B-CA9B1416FBC8}.Debug|x86.ActiveCfg = Debug|x86
		{B261B814-1CA4-4299-8C6B-CA9B1416FBC8}.Debug|x86.Build.0 = Debug|x86
		{B261B814-1CA4-4299-8C6B-CA9B1416FBC8}.Debug|x86.Deploy.0 = Debug|x86
		{B261B814-1CA4-4299-8C6B-CA9B1416FBC8}.Release|Any CPU.ActiveCfg = Release|x64
		{B261B814-1CA4-4299-8C6B-CA9B1416FBC8}.Release|Any CPU.Build.0 = Release|x64
		{B261B814-1CA4-4299-8C6B-CA9B1416FBC8}.Release|Any CPU.Deploy.0 = Release|x64
		{B261B814-1CA4-4299-8C6B-CA9B1416FBC8}.Release|ARM64.ActiveCfg = Release|ARM64
		{B261B814-1CA4-4299-8C6B-CA9B1416FBC8}.Release|ARM64.Build.0 = Release|ARM64
		{B261B814-1CA4-4299-8C6B-CA9B1416FBC8}.Release|ARM64.Deploy.0 = Release|ARM64
		{B261B814-1CA4-4299-8C6B-CA9B1416FBC8}.Release|x64.ActiveCfg = Release|x64
		{B261B814-1CA4-4299-8C6B-CA9B1416FBC8}.Release|x64.Build.0 = Release|x64
		{B261B814-1CA4-4299-8C6B-CA9B1416FBC8}.Release|x64.Deploy.0 = Release|x64
		{B261B814-1CA4-4299-8C6B-CA9B1416FBC8}.Release|x86.ActiveCfg = Release|x86
		{B261B814-1CA4-4299-8C6B-CA9B1416FBC8}.Release|x86.Build.0 = Release|x86
		{B261B814-1CA4-4299-8C6B-CA9B1416FBC8}.Release|x86.Deploy.0 = Release|x86
	EndGlobalSection
	GlobalSection(SolutionProperties) = preSolution
		HideSolutionNode = FALSE
	EndGlobalSection
	GlobalSection(ExtensibilityGlobals) = postSolution
		SolutionGuid = {63A933F5-191C-457A-959D-B1DA7F27A356}
	EndGlobalSection
EndGlobal
